
Microsoft Visual Studio Solution File, Format Version 12.00
# Visual Studio Version 17
VisualStudioVersion = 17.6.33829.357
MinimumVisualStudioVersion = 10.0.40219.1
Project("{F184B08F-C81C-45F6-A57F-5ABD9991F28F}") = "JJFlexRadio", "JJFlexRadio.vbproj", "{8A1589EC-8802-4638-815F-122D7F1F9E15}"
EndProject
Project("{FAE04EC0-301F-11D3-BF4B-00C04F79EFBC}") = "adif", "adif\adif.csproj", "{CD39347B-B9B8-413C-8272-77E82597BF4D}"
EndProject
Project("{FAE04EC0-301F-11D3-BF4B-00C04F79EFBC}") = "escapes", "escapes\escapes.csproj", "{0D6F7843-33F7-46B0-AB2D-47BAA967EF5E}"
EndProject
Project("{FAE04EC0-301F-11D3-BF4B-00C04F79EFBC}") = "HamBands", "HamBands\HamBands.csproj", "{F8380A38-0CC4-45A7-9621-8DBCB188B758}"
EndProject
Project("{FAE04EC0-301F-11D3-BF4B-00C04F79EFBC}") = "JJArclusterLib", "JJArclusterLib\JJArclusterLib.csproj", "{7F7E4ECC-0AB1-40D1-B9E0-B0B0BCD7536C}"
EndProject
Project("{FAE04EC0-301F-11D3-BF4B-00C04F79EFBC}") = "JJCountriesDB", "JJCountriesDB\JJCountriesDB.csproj", "{20306725-F87F-463B-B405-103F390BD68A}"
EndProject
Project("{FAE04EC0-301F-11D3-BF4B-00C04F79EFBC}") = "JJLogIO", "JJLogIO\logio\JJLogIO.csproj", "{D75F5958-61D0-41B5-9459-BD233166DBB6}"
EndProject
Project("{FAE04EC0-301F-11D3-BF4B-00C04F79EFBC}") = "JJLogLib", "JJLogLib\JJLogLib.csproj", "{9822674C-BC13-4502-9F9A-59B603C55827}"
EndProject
Project("{FAE04EC0-301F-11D3-BF4B-00C04F79EFBC}") = "JJMinimalTelnet", "JJMinimalTelnet\JJMinimalTelnet.csproj", "{FA52FDF4-47F0-4093-B835-5FCC21F8C9FD}"
EndProject
Project("{FAE04EC0-301F-11D3-BF4B-00C04F79EFBC}") = "JJPortaudio", "JJPortaudio\JJPortaudio\JJPortaudio.csproj", "{AC0D237A-8224-4016-8001-3CF129CAD335}"
EndProject
Project("{FAE04EC0-301F-11D3-BF4B-00C04F79EFBC}") = "JJTrace", "JJTrace\JJTrace.csproj", "{EAB82C71-8CC6-4002-AD7A-BB2D375C8159}"
EndProject
Project("{FAE04EC0-301F-11D3-BF4B-00C04F79EFBC}") = "MsgLib", "MsgLib\MsgLib.csproj", "{C5B8AC00-AB97-4731-8C30-51DF327CB6AE}"
EndProject
Project("{FAE04EC0-301F-11D3-BF4B-00C04F79EFBC}") = "PortAudioSharp", "PortAudioSharp-src-0.19.3\PortAudioSharp\PortAudioSharp.csproj", "{8199A26E-C92E-4F6A-9EEE-95F7AFC58847}"
EndProject
Project("{FAE04EC0-301F-11D3-BF4B-00C04F79EFBC}") = "POpusCodec", "P-Opus-master\POpusCodec.csproj", "{64C3706D-6620-44A7-BA18-E00832C7EA52}"
EndProject
Project("{FAE04EC0-301F-11D3-BF4B-00C04F79EFBC}") = "skcc", "skcc\skcc.csproj", "{0402036E-AEC8-4976-A484-B5B9BBDBBC93}"
EndProject
Project("{FAE04EC0-301F-11D3-BF4B-00C04F79EFBC}") = "RadioBoxes", "RadioBoxes\RadioBoxes.csproj", "{C15F2768-3386-4703-AE1D-CC4E59348610}"
EndProject
Project("{FAE04EC0-301F-11D3-BF4B-00C04F79EFBC}") = "Radios", "Radios\Radios.csproj", "{07E148AA-8A14-4E91-BA46-D29371B51F9D}"
EndProject
Project("{FAE04EC0-301F-11D3-BF4B-00C04F79EFBC}") = "HamQTHLookup", "HamQTHLookup\HamQTHLookup.csproj", "{55051463-09CE-49FE-9759-DADAB8A5139B}"
EndProject
Project("{FAE04EC0-301F-11D3-BF4B-00C04F79EFBC}") = "JJFlexControl", "JJFlexControl\JJFlexControl.csproj", "{D32CBAA0-892E-4811-9ADE-14EBFD6AFE19}"
EndProject
Project("{FAE04EC0-301F-11D3-BF4B-00C04F79EFBC}") = "JJW2WattMeter", "JJW2WattMeter\JJW2WattMeter.csproj", "{381BE00E-67CE-4191-B3A0-4B195CD01DB9}"
EndProject
Project("{FAE04EC0-301F-11D3-BF4B-00C04F79EFBC}") = "FlexLib", "FlexLib_API\FlexLib\FlexLib.csproj", "{7927817C-D5EF-4A9E-B38E-29668F308343}"
EndProject
Project("{FAE04EC0-301F-11D3-BF4B-00C04F79EFBC}") = "UiWpfFramework", "FlexLib_API\UiWpfFramework\UiWpfFramework.csproj", "{9C0AD871-92FD-461B-84FF-3738D701814F}"
EndProject
Project("{FAE04EC0-301F-11D3-BF4B-00C04F79EFBC}") = "Util", "FlexLib_API\Util\Util.csproj", "{38935DC9-FF48-470C-B876-473A3AE8BD32}"
EndProject
Project("{FAE04EC0-301F-11D3-BF4B-00C04F79EFBC}") = "Vita", "FlexLib_API\Vita\Vita.csproj", "{6ED364FB-7444-44DA-9196-1D8679425B3E}"
EndProject
Project("{2150E333-8FDC-42A3-9474-1A3956D46DE8}") = "Solution Items", "Solution Items", "{B3D470D1-BF5E-4718-ACB0-F2092ECBF49D}"
	ProjectSection(SolutionItems) = preProject
		LICENSE.txt = LICENSE.txt
		README.md = README.md
	EndProjectSection
EndProject
Global
	GlobalSection(SolutionConfigurationPlatforms) = preSolution
		Debug|Any CPU = Debug|Any CPU
		Debug|x64 = Debug|x64
		Debug|x86 = Debug|x86
		Release|Any CPU = Release|Any CPU
		Release|x64 = Release|x64
		Release|x86 = Release|x86
	EndGlobalSection
	GlobalSection(ProjectConfigurationPlatforms) = postSolution
		{8A1589EC-8802-4638-815F-122D7F1F9E15}.Debug|Any CPU.ActiveCfg = Debug|x86
		{8A1589EC-8802-4638-815F-122D7F1F9E15}.Debug|x64.ActiveCfg = Debug|x86
		{8A1589EC-8802-4638-815F-122D7F1F9E15}.Debug|x86.ActiveCfg = Debug|x86
		{8A1589EC-8802-4638-815F-122D7F1F9E15}.Debug|x86.Build.0 = Debug|x86
		{8A1589EC-8802-4638-815F-122D7F1F9E15}.Release|Any CPU.ActiveCfg = Release|x86
		{8A1589EC-8802-4638-815F-122D7F1F9E15}.Release|x64.ActiveCfg = Release|x86
		{8A1589EC-8802-4638-815F-122D7F1F9E15}.Release|x86.ActiveCfg = Release|x86
		{8A1589EC-8802-4638-815F-122D7F1F9E15}.Release|x86.Build.0 = Release|x86
		{CD39347B-B9B8-413C-8272-77E82597BF4D}.Debug|Any CPU.ActiveCfg = Debug|Any CPU
		{CD39347B-B9B8-413C-8272-77E82597BF4D}.Debug|Any CPU.Build.0 = Debug|Any CPU
		{CD39347B-B9B8-413C-8272-77E82597BF4D}.Debug|x64.ActiveCfg = Debug|Any CPU
		{CD39347B-B9B8-413C-8272-77E82597BF4D}.Debug|x64.Build.0 = Debug|Any CPU
		{CD39347B-B9B8-413C-8272-77E82597BF4D}.Debug|x86.ActiveCfg = Debug|x86
		{CD39347B-B9B8-413C-8272-77E82597BF4D}.Debug|x86.Build.0 = Debug|x86
		{CD39347B-B9B8-413C-8272-77E82597BF4D}.Release|Any CPU.ActiveCfg = Release|Any CPU
		{CD39347B-B9B8-413C-8272-77E82597BF4D}.Release|Any CPU.Build.0 = Release|Any CPU
		{CD39347B-B9B8-413C-8272-77E82597BF4D}.Release|x64.ActiveCfg = Release|Any CPU
		{CD39347B-B9B8-413C-8272-77E82597BF4D}.Release|x64.Build.0 = Release|Any CPU
		{CD39347B-B9B8-413C-8272-77E82597BF4D}.Release|x86.ActiveCfg = Release|x86
		{CD39347B-B9B8-413C-8272-77E82597BF4D}.Release|x86.Build.0 = Release|x86
		{0D6F7843-33F7-46B0-AB2D-47BAA967EF5E}.Debug|Any CPU.ActiveCfg = Debug|Any CPU
		{0D6F7843-33F7-46B0-AB2D-47BAA967EF5E}.Debug|Any CPU.Build.0 = Debug|Any CPU
		{0D6F7843-33F7-46B0-AB2D-47BAA967EF5E}.Debug|x64.ActiveCfg = Debug|Any CPU
		{0D6F7843-33F7-46B0-AB2D-47BAA967EF5E}.Debug|x64.Build.0 = Debug|Any CPU
		{0D6F7843-33F7-46B0-AB2D-47BAA967EF5E}.Debug|x86.ActiveCfg = Debug|x86
		{0D6F7843-33F7-46B0-AB2D-47BAA967EF5E}.Debug|x86.Build.0 = Debug|x86
		{0D6F7843-33F7-46B0-AB2D-47BAA967EF5E}.Release|Any CPU.ActiveCfg = Release|Any CPU
		{0D6F7843-33F7-46B0-AB2D-47BAA967EF5E}.Release|Any CPU.Build.0 = Release|Any CPU
		{0D6F7843-33F7-46B0-AB2D-47BAA967EF5E}.Release|x64.ActiveCfg = Release|Any CPU
		{0D6F7843-33F7-46B0-AB2D-47BAA967EF5E}.Release|x64.Build.0 = Release|Any CPU
		{0D6F7843-33F7-46B0-AB2D-47BAA967EF5E}.Release|x86.ActiveCfg = Release|x86
		{0D6F7843-33F7-46B0-AB2D-47BAA967EF5E}.Release|x86.Build.0 = Release|x86
		{F8380A38-0CC4-45A7-9621-8DBCB188B758}.Debug|Any CPU.ActiveCfg = Debug|Any CPU
		{F8380A38-0CC4-45A7-9621-8DBCB188B758}.Debug|Any CPU.Build.0 = Debug|Any CPU
		{F8380A38-0CC4-45A7-9621-8DBCB188B758}.Debug|x64.ActiveCfg = Debug|Any CPU
		{F8380A38-0CC4-45A7-9621-8DBCB188B758}.Debug|x64.Build.0 = Debug|Any CPU
		{F8380A38-0CC4-45A7-9621-8DBCB188B758}.Debug|x86.ActiveCfg = Debug|x86
		{F8380A38-0CC4-45A7-9621-8DBCB188B758}.Debug|x86.Build.0 = Debug|x86
		{F8380A38-0CC4-45A7-9621-8DBCB188B758}.Release|Any CPU.ActiveCfg = Release|Any CPU
		{F8380A38-0CC4-45A7-9621-8DBCB188B758}.Release|Any CPU.Build.0 = Release|Any CPU
		{F8380A38-0CC4-45A7-9621-8DBCB188B758}.Release|x64.ActiveCfg = Release|Any CPU
		{F8380A38-0CC4-45A7-9621-8DBCB188B758}.Release|x64.Build.0 = Release|Any CPU
		{F8380A38-0CC4-45A7-9621-8DBCB188B758}.Release|x86.ActiveCfg = Release|x86
		{F8380A38-0CC4-45A7-9621-8DBCB188B758}.Release|x86.Build.0 = Release|x86
		{7F7E4ECC-0AB1-40D1-B9E0-B0B0BCD7536C}.Debug|Any CPU.ActiveCfg = Debug|Any CPU
		{7F7E4ECC-0AB1-40D1-B9E0-B0B0BCD7536C}.Debug|Any CPU.Build.0 = Debug|Any CPU
		{7F7E4ECC-0AB1-40D1-B9E0-B0B0BCD7536C}.Debug|x64.ActiveCfg = Debug|Any CPU
		{7F7E4ECC-0AB1-40D1-B9E0-B0B0BCD7536C}.Debug|x64.Build.0 = Debug|Any CPU
		{7F7E4ECC-0AB1-40D1-B9E0-B0B0BCD7536C}.Debug|x86.ActiveCfg = Debug|x86
		{7F7E4ECC-0AB1-40D1-B9E0-B0B0BCD7536C}.Debug|x86.Build.0 = Debug|x86
		{7F7E4ECC-0AB1-40D1-B9E0-B0B0BCD7536C}.Release|Any CPU.ActiveCfg = Release|Any CPU
		{7F7E4ECC-0AB1-40D1-B9E0-B0B0BCD7536C}.Release|Any CPU.Build.0 = Release|Any CPU
		{7F7E4ECC-0AB1-40D1-B9E0-B0B0BCD7536C}.Release|x64.ActiveCfg = Release|Any CPU
		{7F7E4ECC-0AB1-40D1-B9E0-B0B0BCD7536C}.Release|x64.Build.0 = Release|Any CPU
		{7F7E4ECC-0AB1-40D1-B9E0-B0B0BCD7536C}.Release|x86.ActiveCfg = Release|x86
		{7F7E4ECC-0AB1-40D1-B9E0-B0B0BCD7536C}.Release|x86.Build.0 = Release|x86
		{20306725-F87F-463B-B405-103F390BD68A}.Debug|Any CPU.ActiveCfg = Debug|Any CPU
		{20306725-F87F-463B-B405-103F390BD68A}.Debug|Any CPU.Build.0 = Debug|Any CPU
		{20306725-F87F-463B-B405-103F390BD68A}.Debug|x64.ActiveCfg = Debug|Any CPU
		{20306725-F87F-463B-B405-103F390BD68A}.Debug|x64.Build.0 = Debug|Any CPU
		{20306725-F87F-463B-B405-103F390BD68A}.Debug|x86.ActiveCfg = Debug|x86
		{20306725-F87F-463B-B405-103F390BD68A}.Debug|x86.Build.0 = Debug|x86
		{20306725-F87F-463B-B405-103F390BD68A}.Release|Any CPU.ActiveCfg = Release|Any CPU
		{20306725-F87F-463B-B405-103F390BD68A}.Release|Any CPU.Build.0 = Release|Any CPU
		{20306725-F87F-463B-B405-103F390BD68A}.Release|x64.ActiveCfg = Release|Any CPU
		{20306725-F87F-463B-B405-103F390BD68A}.Release|x64.Build.0 = Release|Any CPU
		{20306725-F87F-463B-B405-103F390BD68A}.Release|x86.ActiveCfg = Release|x86
		{20306725-F87F-463B-B405-103F390BD68A}.Release|x86.Build.0 = Release|x86
		{D75F5958-61D0-41B5-9459-BD233166DBB6}.Debug|Any CPU.ActiveCfg = Debug|Any CPU
		{D75F5958-61D0-41B5-9459-BD233166DBB6}.Debug|Any CPU.Build.0 = Debug|Any CPU
		{D75F5958-61D0-41B5-9459-BD233166DBB6}.Debug|x64.ActiveCfg = Debug|Any CPU
		{D75F5958-61D0-41B5-9459-BD233166DBB6}.Debug|x64.Build.0 = Debug|Any CPU
		{D75F5958-61D0-41B5-9459-BD233166DBB6}.Debug|x86.ActiveCfg = Debug|x86
		{D75F5958-61D0-41B5-9459-BD233166DBB6}.Debug|x86.Build.0 = Debug|x86
		{D75F5958-61D0-41B5-9459-BD233166DBB6}.Release|Any CPU.ActiveCfg = Release|Any CPU
		{D75F5958-61D0-41B5-9459-BD233166DBB6}.Release|Any CPU.Build.0 = Release|Any CPU
		{D75F5958-61D0-41B5-9459-BD233166DBB6}.Release|x64.ActiveCfg = Release|Any CPU
		{D75F5958-61D0-41B5-9459-BD233166DBB6}.Release|x64.Build.0 = Release|Any CPU
		{D75F5958-61D0-41B5-9459-BD233166DBB6}.Release|x86.ActiveCfg = Release|x86
		{D75F5958-61D0-41B5-9459-BD233166DBB6}.Release|x86.Build.0 = Release|x86
		{9822674C-BC13-4502-9F9A-59B603C55827}.Debug|Any CPU.ActiveCfg = Debug|Any CPU
		{9822674C-BC13-4502-9F9A-59B603C55827}.Debug|Any CPU.Build.0 = Debug|Any CPU
		{9822674C-BC13-4502-9F9A-59B603C55827}.Debug|x64.ActiveCfg = Debug|Any CPU
		{9822674C-BC13-4502-9F9A-59B603C55827}.Debug|x64.Build.0 = Debug|Any CPU
		{9822674C-BC13-4502-9F9A-59B603C55827}.Debug|x86.ActiveCfg = Debug|x86
		{9822674C-BC13-4502-9F9A-59B603C55827}.Debug|x86.Build.0 = Debug|x86
		{9822674C-BC13-4502-9F9A-59B603C55827}.Release|Any CPU.ActiveCfg = Release|Any CPU
		{9822674C-BC13-4502-9F9A-59B603C55827}.Release|Any CPU.Build.0 = Release|Any CPU
		{9822674C-BC13-4502-9F9A-59B603C55827}.Release|x64.ActiveCfg = Release|Any CPU
		{9822674C-BC13-4502-9F9A-59B603C55827}.Release|x64.Build.0 = Release|Any CPU
		{9822674C-BC13-4502-9F9A-59B603C55827}.Release|x86.ActiveCfg = Release|x86
		{9822674C-BC13-4502-9F9A-59B603C55827}.Release|x86.Build.0 = Release|x86
		{FA52FDF4-47F0-4093-B835-5FCC21F8C9FD}.Debug|Any CPU.ActiveCfg = Debug|Any CPU
		{FA52FDF4-47F0-4093-B835-5FCC21F8C9FD}.Debug|Any CPU.Build.0 = Debug|Any CPU
		{FA52FDF4-47F0-4093-B835-5FCC21F8C9FD}.Debug|x64.ActiveCfg = Debug|Any CPU
		{FA52FDF4-47F0-4093-B835-5FCC21F8C9FD}.Debug|x64.Build.0 = Debug|Any CPU
		{FA52FDF4-47F0-4093-B835-5FCC21F8C9FD}.Debug|x86.ActiveCfg = Debug|x86
		{FA52FDF4-47F0-4093-B835-5FCC21F8C9FD}.Debug|x86.Build.0 = Debug|x86
		{FA52FDF4-47F0-4093-B835-5FCC21F8C9FD}.Release|Any CPU.ActiveCfg = Release|Any CPU
		{FA52FDF4-47F0-4093-B835-5FCC21F8C9FD}.Release|Any CPU.Build.0 = Release|Any CPU
		{FA52FDF4-47F0-4093-B835-5FCC21F8C9FD}.Release|x64.ActiveCfg = Release|Any CPU
		{FA52FDF4-47F0-4093-B835-5FCC21F8C9FD}.Release|x64.Build.0 = Release|Any CPU
		{FA52FDF4-47F0-4093-B835-5FCC21F8C9FD}.Release|x86.ActiveCfg = Release|x86
		{FA52FDF4-47F0-4093-B835-5FCC21F8C9FD}.Release|x86.Build.0 = Release|x86
		{AC0D237A-8224-4016-8001-3CF129CAD335}.Debug|Any CPU.ActiveCfg = Debug|Any CPU
		{AC0D237A-8224-4016-8001-3CF129CAD335}.Debug|Any CPU.Build.0 = Debug|Any CPU
		{AC0D237A-8224-4016-8001-3CF129CAD335}.Debug|x64.ActiveCfg = Debug|Any CPU
		{AC0D237A-8224-4016-8001-3CF129CAD335}.Debug|x64.Build.0 = Debug|Any CPU
		{AC0D237A-8224-4016-8001-3CF129CAD335}.Debug|x86.ActiveCfg = Debug|x86
		{AC0D237A-8224-4016-8001-3CF129CAD335}.Debug|x86.Build.0 = Debug|x86
		{AC0D237A-8224-4016-8001-3CF129CAD335}.Release|Any CPU.ActiveCfg = Release|Any CPU
		{AC0D237A-8224-4016-8001-3CF129CAD335}.Release|Any CPU.Build.0 = Release|Any CPU
		{AC0D237A-8224-4016-8001-3CF129CAD335}.Release|x64.ActiveCfg = Release|Any CPU
		{AC0D237A-8224-4016-8001-3CF129CAD335}.Release|x64.Build.0 = Release|Any CPU
		{AC0D237A-8224-4016-8001-3CF129CAD335}.Release|x86.ActiveCfg = Release|x86
		{AC0D237A-8224-4016-8001-3CF129CAD335}.Release|x86.Build.0 = Release|x86
		{EAB82C71-8CC6-4002-AD7A-BB2D375C8159}.Debug|Any CPU.ActiveCfg = Debug|Any CPU
		{EAB82C71-8CC6-4002-AD7A-BB2D375C8159}.Debug|Any CPU.Build.0 = Debug|Any CPU
		{EAB82C71-8CC6-4002-AD7A-BB2D375C8159}.Debug|x64.ActiveCfg = Debug|Any CPU
		{EAB82C71-8CC6-4002-AD7A-BB2D375C8159}.Debug|x64.Build.0 = Debug|Any CPU
		{EAB82C71-8CC6-4002-AD7A-BB2D375C8159}.Debug|x86.ActiveCfg = Debug|x86
		{EAB82C71-8CC6-4002-AD7A-BB2D375C8159}.Debug|x86.Build.0 = Debug|x86
		{EAB82C71-8CC6-4002-AD7A-BB2D375C8159}.Release|Any CPU.ActiveCfg = Release|Any CPU
		{EAB82C71-8CC6-4002-AD7A-BB2D375C8159}.Release|Any CPU.Build.0 = Release|Any CPU
		{EAB82C71-8CC6-4002-AD7A-BB2D375C8159}.Release|x64.ActiveCfg = Release|Any CPU
		{EAB82C71-8CC6-4002-AD7A-BB2D375C8159}.Release|x64.Build.0 = Release|Any CPU
		{EAB82C71-8CC6-4002-AD7A-BB2D375C8159}.Release|x86.ActiveCfg = Release|x86
		{EAB82C71-8CC6-4002-AD7A-BB2D375C8159}.Release|x86.Build.0 = Release|x86
		{C5B8AC00-AB97-4731-8C30-51DF327CB6AE}.Debug|Any CPU.ActiveCfg = Debug|Any CPU
		{C5B8AC00-AB97-4731-8C30-51DF327CB6AE}.Debug|Any CPU.Build.0 = Debug|Any CPU
		{C5B8AC00-AB97-4731-8C30-51DF327CB6AE}.Debug|x64.ActiveCfg = Debug|Any CPU
		{C5B8AC00-AB97-4731-8C30-51DF327CB6AE}.Debug|x64.Build.0 = Debug|Any CPU
		{C5B8AC00-AB97-4731-8C30-51DF327CB6AE}.Debug|x86.ActiveCfg = Debug|x86
		{C5B8AC00-AB97-4731-8C30-51DF327CB6AE}.Debug|x86.Build.0 = Debug|x86
		{C5B8AC00-AB97-4731-8C30-51DF327CB6AE}.Release|Any CPU.ActiveCfg = Release|Any CPU
		{C5B8AC00-AB97-4731-8C30-51DF327CB6AE}.Release|Any CPU.Build.0 = Release|Any CPU
		{C5B8AC00-AB97-4731-8C30-51DF327CB6AE}.Release|x64.ActiveCfg = Release|Any CPU
		{C5B8AC00-AB97-4731-8C30-51DF327CB6AE}.Release|x64.Build.0 = Release|Any CPU
		{C5B8AC00-AB97-4731-8C30-51DF327CB6AE}.Release|x86.ActiveCfg = Release|x86
		{C5B8AC00-AB97-4731-8C30-51DF327CB6AE}.Release|x86.Build.0 = Release|x86
		{8199A26E-C92E-4F6A-9EEE-95F7AFC58847}.Debug|Any CPU.ActiveCfg = Debug|Any CPU
		{8199A26E-C92E-4F6A-9EEE-95F7AFC58847}.Debug|Any CPU.Build.0 = Debug|Any CPU
		{8199A26E-C92E-4F6A-9EEE-95F7AFC58847}.Debug|x64.ActiveCfg = Debug|x64
		{8199A26E-C92E-4F6A-9EEE-95F7AFC58847}.Debug|x64.Build.0 = Debug|x64
		{8199A26E-C92E-4F6A-9EEE-95F7AFC58847}.Debug|x86.ActiveCfg = Debug|x86
		{8199A26E-C92E-4F6A-9EEE-95F7AFC58847}.Debug|x86.Build.0 = Debug|x86
		{8199A26E-C92E-4F6A-9EEE-95F7AFC58847}.Release|Any CPU.ActiveCfg = Release|Any CPU
		{8199A26E-C92E-4F6A-9EEE-95F7AFC58847}.Release|Any CPU.Build.0 = Release|Any CPU
		{8199A26E-C92E-4F6A-9EEE-95F7AFC58847}.Release|x64.ActiveCfg = Release|x64
		{8199A26E-C92E-4F6A-9EEE-95F7AFC58847}.Release|x64.Build.0 = Release|x64
		{8199A26E-C92E-4F6A-9EEE-95F7AFC58847}.Release|x86.ActiveCfg = Release|x86
		{8199A26E-C92E-4F6A-9EEE-95F7AFC58847}.Release|x86.Build.0 = Release|x86
		{64C3706D-6620-44A7-BA18-E00832C7EA52}.Debug|Any CPU.ActiveCfg = Debug|Any CPU
		{64C3706D-6620-44A7-BA18-E00832C7EA52}.Debug|Any CPU.Build.0 = Debug|Any CPU
		{64C3706D-6620-44A7-BA18-E00832C7EA52}.Debug|x64.ActiveCfg = Debug|Any CPU
		{64C3706D-6620-44A7-BA18-E00832C7EA52}.Debug|x64.Build.0 = Debug|Any CPU
		{64C3706D-6620-44A7-BA18-E00832C7EA52}.Debug|x86.ActiveCfg = Debug|Any CPU
		{64C3706D-6620-44A7-BA18-E00832C7EA52}.Debug|x86.Build.0 = Debug|Any CPU
		{64C3706D-6620-44A7-BA18-E00832C7EA52}.Release|Any CPU.ActiveCfg = Release|Any CPU
		{64C3706D-6620-44A7-BA18-E00832C7EA52}.Release|Any CPU.Build.0 = Release|Any CPU
		{64C3706D-6620-44A7-BA18-E00832C7EA52}.Release|x64.ActiveCfg = Release|Any CPU
		{64C3706D-6620-44A7-BA18-E00832C7EA52}.Release|x64.Build.0 = Release|Any CPU
		{64C3706D-6620-44A7-BA18-E00832C7EA52}.Release|x86.ActiveCfg = Release|Any CPU
		{64C3706D-6620-44A7-BA18-E00832C7EA52}.Release|x86.Build.0 = Release|Any CPU
		{0402036E-AEC8-4976-A484-B5B9BBDBBC93}.Debug|Any CPU.ActiveCfg = Debug|Any CPU
		{0402036E-AEC8-4976-A484-B5B9BBDBBC93}.Debug|Any CPU.Build.0 = Debug|Any CPU
		{0402036E-AEC8-4976-A484-B5B9BBDBBC93}.Debug|x64.ActiveCfg = Debug|Any CPU
		{0402036E-AEC8-4976-A484-B5B9BBDBBC93}.Debug|x64.Build.0 = Debug|Any CPU
		{0402036E-AEC8-4976-A484-B5B9BBDBBC93}.Debug|x86.ActiveCfg = Debug|x86
		{0402036E-AEC8-4976-A484-B5B9BBDBBC93}.Debug|x86.Build.0 = Debug|x86
		{0402036E-AEC8-4976-A484-B5B9BBDBBC93}.Release|Any CPU.ActiveCfg = Release|Any CPU
		{0402036E-AEC8-4976-A484-B5B9BBDBBC93}.Release|Any CPU.Build.0 = Release|Any CPU
		{0402036E-AEC8-4976-A484-B5B9BBDBBC93}.Release|x64.ActiveCfg = Release|Any CPU
		{0402036E-AEC8-4976-A484-B5B9BBDBBC93}.Release|x64.Build.0 = Release|Any CPU
		{0402036E-AEC8-4976-A484-B5B9BBDBBC93}.Release|x86.ActiveCfg = Release|x86
		{0402036E-AEC8-4976-A484-B5B9BBDBBC93}.Release|x86.Build.0 = Release|x86
		{C15F2768-3386-4703-AE1D-CC4E59348610}.Debug|Any CPU.ActiveCfg = Debug|Any CPU
		{C15F2768-3386-4703-AE1D-CC4E59348610}.Debug|Any CPU.Build.0 = Debug|Any CPU
		{C15F2768-3386-4703-AE1D-CC4E59348610}.Debug|x64.ActiveCfg = Debug|Any CPU
		{C15F2768-3386-4703-AE1D-CC4E59348610}.Debug|x64.Build.0 = Debug|Any CPU
		{C15F2768-3386-4703-AE1D-CC4E59348610}.Debug|x86.ActiveCfg = Debug|x86
		{C15F2768-3386-4703-AE1D-CC4E59348610}.Debug|x86.Build.0 = Debug|x86
		{C15F2768-3386-4703-AE1D-CC4E59348610}.Release|Any CPU.ActiveCfg = Release|Any CPU
		{C15F2768-3386-4703-AE1D-CC4E59348610}.Release|Any CPU.Build.0 = Release|Any CPU
		{C15F2768-3386-4703-AE1D-CC4E59348610}.Release|x64.ActiveCfg = Release|Any CPU
		{C15F2768-3386-4703-AE1D-CC4E59348610}.Release|x64.Build.0 = Release|Any CPU
		{C15F2768-3386-4703-AE1D-CC4E59348610}.Release|x86.ActiveCfg = Release|x86
		{C15F2768-3386-4703-AE1D-CC4E59348610}.Release|x86.Build.0 = Release|x86
		{07E148AA-8A14-4E91-BA46-D29371B51F9D}.Debug|Any CPU.ActiveCfg = Debug|Any CPU
		{07E148AA-8A14-4E91-BA46-D29371B51F9D}.Debug|Any CPU.Build.0 = Debug|Any CPU
		{07E148AA-8A14-4E91-BA46-D29371B51F9D}.Debug|x64.ActiveCfg = Debug|Any CPU
		{07E148AA-8A14-4E91-BA46-D29371B51F9D}.Debug|x64.Build.0 = Debug|Any CPU
		{07E148AA-8A14-4E91-BA46-D29371B51F9D}.Debug|x86.ActiveCfg = Debug|x86
		{07E148AA-8A14-4E91-BA46-D29371B51F9D}.Debug|x86.Build.0 = Debug|x86
		{07E148AA-8A14-4E91-BA46-D29371B51F9D}.Release|Any CPU.ActiveCfg = Release|Any CPU
		{07E148AA-8A14-4E91-BA46-D29371B51F9D}.Release|Any CPU.Build.0 = Release|Any CPU
		{07E148AA-8A14-4E91-BA46-D29371B51F9D}.Release|x64.ActiveCfg = Release|Any CPU
		{07E148AA-8A14-4E91-BA46-D29371B51F9D}.Release|x64.Build.0 = Release|Any CPU
		{07E148AA-8A14-4E91-BA46-D29371B51F9D}.Release|x86.ActiveCfg = Release|x86
		{07E148AA-8A14-4E91-BA46-D29371B51F9D}.Release|x86.Build.0 = Release|x86
		{55051463-09CE-49FE-9759-DADAB8A5139B}.Debug|Any CPU.ActiveCfg = Debug|Any CPU
		{55051463-09CE-49FE-9759-DADAB8A5139B}.Debug|Any CPU.Build.0 = Debug|Any CPU
		{55051463-09CE-49FE-9759-DADAB8A5139B}.Debug|x64.ActiveCfg = Debug|Any CPU
		{55051463-09CE-49FE-9759-DADAB8A5139B}.Debug|x64.Build.0 = Debug|Any CPU
		{55051463-09CE-49FE-9759-DADAB8A5139B}.Debug|x86.ActiveCfg = Debug|Any CPU
		{55051463-09CE-49FE-9759-DADAB8A5139B}.Debug|x86.Build.0 = Debug|Any CPU
		{55051463-09CE-49FE-9759-DADAB8A5139B}.Release|Any CPU.ActiveCfg = Release|Any CPU
		{55051463-09CE-49FE-9759-DADAB8A5139B}.Release|Any CPU.Build.0 = Release|Any CPU
		{55051463-09CE-49FE-9759-DADAB8A5139B}.Release|x64.ActiveCfg = Release|Any CPU
		{55051463-09CE-49FE-9759-DADAB8A5139B}.Release|x64.Build.0 = Release|Any CPU
		{55051463-09CE-49FE-9759-DADAB8A5139B}.Release|x86.ActiveCfg = Release|Any CPU
		{55051463-09CE-49FE-9759-DADAB8A5139B}.Release|x86.Build.0 = Release|Any CPU
		{D32CBAA0-892E-4811-9ADE-14EBFD6AFE19}.Debug|Any CPU.ActiveCfg = Debug|Any CPU
		{D32CBAA0-892E-4811-9ADE-14EBFD6AFE19}.Debug|Any CPU.Build.0 = Debug|Any CPU
		{D32CBAA0-892E-4811-9ADE-14EBFD6AFE19}.Debug|x64.ActiveCfg = Debug|Any CPU
		{D32CBAA0-892E-4811-9ADE-14EBFD6AFE19}.Debug|x64.Build.0 = Debug|Any CPU
		{D32CBAA0-892E-4811-9ADE-14EBFD6AFE19}.Debug|x86.ActiveCfg = Debug|x86
		{D32CBAA0-892E-4811-9ADE-14EBFD6AFE19}.Debug|x86.Build.0 = Debug|x86
		{D32CBAA0-892E-4811-9ADE-14EBFD6AFE19}.Release|Any CPU.ActiveCfg = Release|Any CPU
		{D32CBAA0-892E-4811-9ADE-14EBFD6AFE19}.Release|Any CPU.Build.0 = Release|Any CPU
		{D32CBAA0-892E-4811-9ADE-14EBFD6AFE19}.Release|x64.ActiveCfg = Release|Any CPU
		{D32CBAA0-892E-4811-9ADE-14EBFD6AFE19}.Release|x64.Build.0 = Release|Any CPU
		{D32CBAA0-892E-4811-9ADE-14EBFD6AFE19}.Release|x86.ActiveCfg = Release|x86
		{D32CBAA0-892E-4811-9ADE-14EBFD6AFE19}.Release|x86.Build.0 = Release|x86
		{381BE00E-67CE-4191-B3A0-4B195CD01DB9}.Debug|Any CPU.ActiveCfg = Debug|Any CPU
		{381BE00E-67CE-4191-B3A0-4B195CD01DB9}.Debug|Any CPU.Build.0 = Debug|Any CPU
		{381BE00E-67CE-4191-B3A0-4B195CD01DB9}.Debug|x64.ActiveCfg = Debug|Any CPU
		{381BE00E-67CE-4191-B3A0-4B195CD01DB9}.Debug|x64.Build.0 = Debug|Any CPU
		{381BE00E-67CE-4191-B3A0-4B195CD01DB9}.Debug|x86.ActiveCfg = Debug|x86
		{381BE00E-67CE-4191-B3A0-4B195CD01DB9}.Debug|x86.Build.0 = Debug|x86
		{381BE00E-67CE-4191-B3A0-4B195CD01DB9}.Release|Any CPU.ActiveCfg = Release|Any CPU
		{381BE00E-67CE-4191-B3A0-4B195CD01DB9}.Release|Any CPU.Build.0 = Release|Any CPU
		{381BE00E-67CE-4191-B3A0-4B195CD01DB9}.Release|x64.ActiveCfg = Release|Any CPU
		{381BE00E-67CE-4191-B3A0-4B195CD01DB9}.Release|x64.Build.0 = Release|Any CPU
		{381BE00E-67CE-4191-B3A0-4B195CD01DB9}.Release|x86.ActiveCfg = Release|x86
		{381BE00E-67CE-4191-B3A0-4B195CD01DB9}.Release|x86.Build.0 = Release|x86
		{7927817C-D5EF-4A9E-B38E-29668F308343}.Debug|Any CPU.ActiveCfg = Debug|Any CPU
		{7927817C-D5EF-4A9E-B38E-29668F308343}.Debug|Any CPU.Build.0 = Debug|Any CPU
		{7927817C-D5EF-4A9E-B38E-29668F308343}.Debug|x64.ActiveCfg = Debug|Any CPU
		{7927817C-D5EF-4A9E-B38E-29668F308343}.Debug|x64.Build.0 = Debug|Any CPU
		{7927817C-D5EF-4A9E-B38E-29668F308343}.Debug|x86.ActiveCfg = Debug|x86
		{7927817C-D5EF-4A9E-B38E-29668F308343}.Debug|x86.Build.0 = Debug|x86
		{7927817C-D5EF-4A9E-B38E-29668F308343}.Release|Any CPU.ActiveCfg = Release|Any CPU
		{7927817C-D5EF-4A9E-B38E-29668F308343}.Release|Any CPU.Build.0 = Release|Any CPU
		{7927817C-D5EF-4A9E-B38E-29668F308343}.Release|x64.ActiveCfg = Release|Any CPU
		{7927817C-D5EF-4A9E-B38E-29668F308343}.Release|x64.Build.0 = Release|Any CPU
		{7927817C-D5EF-4A9E-B38E-29668F308343}.Release|x86.ActiveCfg = Release|x86
		{7927817C-D5EF-4A9E-B38E-29668F308343}.Release|x86.Build.0 = Release|x86
		{9C0AD871-92FD-461B-84FF-3738D701814F}.Debug|Any CPU.ActiveCfg = Debug|Any CPU
		{9C0AD871-92FD-461B-84FF-3738D701814F}.Debug|Any CPU.Build.0 = Debug|Any CPU
		{9C0AD871-92FD-461B-84FF-3738D701814F}.Debug|x64.ActiveCfg = Debug|Any CPU
		{9C0AD871-92FD-461B-84FF-3738D701814F}.Debug|x64.Build.0 = Debug|Any CPU
		{9C0AD871-92FD-461B-84FF-3738D701814F}.Debug|x86.ActiveCfg = Debug|x86
		{9C0AD871-92FD-461B-84FF-3738D701814F}.Debug|x86.Build.0 = Debug|x86
		{9C0AD871-92FD-461B-84FF-3738D701814F}.Release|Any CPU.ActiveCfg = Release|Any CPU
		{9C0AD871-92FD-461B-84FF-3738D701814F}.Release|Any CPU.Build.0 = Release|Any CPU
		{9C0AD871-92FD-461B-84FF-3738D701814F}.Release|x64.ActiveCfg = Release|Any CPU
		{9C0AD871-92FD-461B-84FF-3738D701814F}.Release|x64.Build.0 = Release|Any CPU
		{9C0AD871-92FD-461B-84FF-3738D701814F}.Release|x86.ActiveCfg = Release|x86
		{9C0AD871-92FD-461B-84FF-3738D701814F}.Release|x86.Build.0 = Release|x86
		{38935DC9-FF48-470C-B876-473A3AE8BD32}.Debug|Any CPU.ActiveCfg = Debug|Any CPU
		{38935DC9-FF48-470C-B876-473A3AE8BD32}.Debug|Any CPU.Build.0 = Debug|Any CPU
		{38935DC9-FF48-470C-B876-473A3AE8BD32}.Debug|x64.ActiveCfg = Debug|Any CPU
		{38935DC9-FF48-470C-B876-473A3AE8BD32}.Debug|x64.Build.0 = Debug|Any CPU
		{38935DC9-FF48-470C-B876-473A3AE8BD32}.Debug|x86.ActiveCfg = Debug|x86
		{38935DC9-FF48-470C-B876-473A3AE8BD32}.Debug|x86.Build.0 = Debug|x86
		{38935DC9-FF48-470C-B876-473A3AE8BD32}.Release|Any CPU.ActiveCfg = Release|Any CPU
		{38935DC9-FF48-470C-B876-473A3AE8BD32}.Release|Any CPU.Build.0 = Release|Any CPU
		{38935DC9-FF48-470C-B876-473A3AE8BD32}.Release|x64.ActiveCfg = Release|Any CPU
		{38935DC9-FF48-470C-B876-473A3AE8BD32}.Release|x64.Build.0 = Release|Any CPU
		{38935DC9-FF48-470C-B876-473A3AE8BD32}.Release|x86.ActiveCfg = Release|x86
		{38935DC9-FF48-470C-B876-473A3AE8BD32}.Release|x86.Build.0 = Release|x86
		{6ED364FB-7444-44DA-9196-1D8679425B3E}.Debug|Any CPU.ActiveCfg = Debug|Any CPU
		{6ED364FB-7444-44DA-9196-1D8679425B3E}.Debug|Any CPU.Build.0 = Debug|Any CPU
		{6ED364FB-7444-44DA-9196-1D8679425B3E}.Debug|x64.ActiveCfg = Debug|Any CPU
		{6ED364FB-7444-44DA-9196-1D8679425B3E}.Debug|x64.Build.0 = Debug|Any CPU
		{6ED364FB-7444-44DA-9196-1D8679425B3E}.Debug|x86.ActiveCfg = Debug|x86
		{6ED364FB-7444-44DA-9196-1D8679425B3E}.Debug|x86.Build.0 = Debug|x86
		{6ED364FB-7444-44DA-9196-1D8679425B3E}.Release|Any CPU.ActiveCfg = Release|Any CPU
		{6ED364FB-7444-44DA-9196-1D8679425B3E}.Release|Any CPU.Build.0 = Release|Any CPU
		{6ED364FB-7444-44DA-9196-1D8679425B3E}.Release|x64.ActiveCfg = Release|Any CPU
		{6ED364FB-7444-44DA-9196-1D8679425B3E}.Release|x64.Build.0 = Release|Any CPU
		{6ED364FB-7444-44DA-9196-1D8679425B3E}.Release|x86.ActiveCfg = Release|x86
		{6ED364FB-7444-44DA-9196-1D8679425B3E}.Release|x86.Build.0 = Release|x86
	EndGlobalSection
	GlobalSection(SolutionProperties) = preSolution
		HideSolutionNode = FALSE
	EndGlobalSection
	GlobalSection(ExtensibilityGlobals) = postSolution
		SolutionGuid = {F9EF6126-9227-4BFB-9BC4-2E84B3C4CCD1}
	EndGlobalSection
EndGlobal
